// !$*UTF8*$!
{
	archiveVersion = 1;
	classes = {
	};
	objectVersion = 46;
	objects = {

/* Begin PBXAggregateTarget section */
		A090FE6015E7F23A00A6041D /* IDM Demo: Git Submodules */ = {
			isa = PBXAggregateTarget;
			buildConfigurationList = A090FE6115E7F23A00A6041D /* Build configuration list for PBXAggregateTarget "IDM Demo: Git Submodules" */;
			buildPhases = (
				A090FE6415E7F24200A6041D /* ShellScript */,
			);
			dependencies = (
			);
			name = "IDM Demo: Git Submodules";
			productName = "IDM Demo: Git Submodules";
		};
		A090FE7915E8136900A6041D /* IDM Demo: Git Package Version */ = {
			isa = PBXAggregateTarget;
			buildConfigurationList = A090FE7A15E8136900A6041D /* Build configuration list for PBXAggregateTarget "IDM Demo: Git Package Version" */;
			buildPhases = (
				A090FE8115E8138B00A6041D /* ShellScript */,
			);
			dependencies = (
				A090FE8F15E817CD00A6041D /* PBXTargetDependency */,
			);
			name = "IDM Demo: Git Package Version";
			productName = "IDM Demo: Git Package Version";
		};
/* End PBXAggregateTarget section */

/* Begin PBXBuildFile section */
		A090FDD615E7EA9F00A6041D /* UIKit.framework in Frameworks */ = {isa = PBXBuildFile; fileRef = A090FDD515E7EA9F00A6041D /* UIKit.framework */; };
		A090FDD815E7EA9F00A6041D /* Foundation.framework in Frameworks */ = {isa = PBXBuildFile; fileRef = A090FDD715E7EA9F00A6041D /* Foundation.framework */; };
		A090FDDA15E7EA9F00A6041D /* CoreGraphics.framework in Frameworks */ = {isa = PBXBuildFile; fileRef = A090FDD915E7EA9F00A6041D /* CoreGraphics.framework */; };
		A090FDE015E7EA9F00A6041D /* InfoPlist.strings in Resources */ = {isa = PBXBuildFile; fileRef = A090FDDE15E7EA9F00A6041D /* InfoPlist.strings */; };
		A090FDE215E7EA9F00A6041D /* main.m in Sources */ = {isa = PBXBuildFile; fileRef = A090FDE115E7EA9F00A6041D /* main.m */; };
		A090FDE615E7EA9F00A6041D /* IDAppDelegate.m in Sources */ = {isa = PBXBuildFile; fileRef = A090FDE515E7EA9F00A6041D /* IDAppDelegate.m */; };
/* End PBXBuildFile section */

/* Begin PBXContainerItemProxy section */
		A090FE7F15E8138200A6041D /* PBXContainerItemProxy */ = {
			isa = PBXContainerItemProxy;
			containerPortal = A090FDC815E7EA9F00A6041D /* Project object */;
			proxyType = 1;
			remoteGlobalIDString = A090FE7915E8136900A6041D;
			remoteInfo = "IDM Demo: Git Package Version";
		};
		A090FE8E15E817CD00A6041D /* PBXContainerItemProxy */ = {
			isa = PBXContainerItemProxy;
			containerPortal = A090FDC815E7EA9F00A6041D /* Project object */;
			proxyType = 1;
			remoteGlobalIDString = A090FE6015E7F23A00A6041D;
			remoteInfo = "IDM Demo: Git Submodules";
		};
		A0A0C5B315EC3C4200521C63 /* PBXContainerItemProxy */ = {
			isa = PBXContainerItemProxy;
			containerPortal = A090FE4615E7F08400A6041D /* BindleKit.xcodeproj */;
			proxyType = 2;
			remoteGlobalIDString = A07D34F4140DC1E800832E1F;
			remoteInfo = iBindleKit;
		};
		A0A0C5B515EC3C4200521C63 /* PBXContainerItemProxy */ = {
			isa = PBXContainerItemProxy;
			containerPortal = A090FE4615E7F08400A6041D /* BindleKit.xcodeproj */;
			proxyType = 2;
			remoteGlobalIDString = A0F713591413520300252B5F;
			remoteInfo = BindleKit;
		};
		A0A0C5CF15EC3C5300521C63 /* PBXContainerItemProxy */ = {
			isa = PBXContainerItemProxy;
			containerPortal = A090FE3B15E7F07400A6041D /* LdapKit.xcodeproj */;
			proxyType = 2;
			remoteGlobalIDString = A0CFA80E1587829400EBEB32;
			remoteInfo = iLdapKit;
		};
		A0A0C5D115EC3C5300521C63 /* PBXContainerItemProxy */ = {
			isa = PBXContainerItemProxy;
			containerPortal = A090FE3B15E7F07400A6041D /* LdapKit.xcodeproj */;
			proxyType = 2;
			remoteGlobalIDString = A0103E111587874800183DC9;
			remoteInfo = LdapKit;
		};
/* End PBXContainerItemProxy section */

/* Begin PBXFileReference section */
		A090FDD115E7EA9F00A6041D /* IDM Demo.app */ = {isa = PBXFileReference; explicitFileType = wrapper.application; includeInIndex = 0; path = "IDM Demo.app"; sourceTree = BUILT_PRODUCTS_DIR; };
		A090FDD515E7EA9F00A6041D /* UIKit.framework */ = {isa = PBXFileReference; lastKnownFileType = wrapper.framework; name = UIKit.framework; path = System/Library/Frameworks/UIKit.framework; sourceTree = SDKROOT; };
		A090FDD715E7EA9F00A6041D /* Foundation.framework */ = {isa = PBXFileReference; lastKnownFileType = wrapper.framework; name = Foundation.framework; path = System/Library/Frameworks/Foundation.framework; sourceTree = SDKROOT; };
		A090FDD915E7EA9F00A6041D /* CoreGraphics.framework */ = {isa = PBXFileReference; lastKnownFileType = wrapper.framework; name = CoreGraphics.framework; path = System/Library/Frameworks/CoreGraphics.framework; sourceTree = SDKROOT; };
		A090FDDD15E7EA9F00A6041D /* IDMDemo-Info.plist */ = {isa = PBXFileReference; lastKnownFileType = text.plist.xml; path = "IDMDemo-Info.plist"; sourceTree = "<group>"; };
		A090FDDF15E7EA9F00A6041D /* en */ = {isa = PBXFileReference; lastKnownFileType = text.plist.strings; name = en; path = en.lproj/InfoPlist.strings; sourceTree = "<group>"; };
		A090FDE115E7EA9F00A6041D /* main.m */ = {isa = PBXFileReference; lastKnownFileType = sourcecode.c.objc; path = main.m; sourceTree = "<group>"; };
		A090FDE315E7EA9F00A6041D /* IDMDemo-Prefix.pch */ = {isa = PBXFileReference; lastKnownFileType = sourcecode.c.h; path = "IDMDemo-Prefix.pch"; sourceTree = "<group>"; };
		A090FDE415E7EA9F00A6041D /* IDAppDelegate.h */ = {isa = PBXFileReference; lastKnownFileType = sourcecode.c.h; path = IDAppDelegate.h; sourceTree = "<group>"; };
		A090FDE515E7EA9F00A6041D /* IDAppDelegate.m */ = {isa = PBXFileReference; lastKnownFileType = sourcecode.c.objc; path = IDAppDelegate.m; sourceTree = "<group>"; };
		A090FE0515E7EE1B00A6041D /* ChangeLog */ = {isa = PBXFileReference; fileEncoding = 4; lastKnownFileType = text; path = ChangeLog; sourceTree = "<group>"; };
		A090FE0615E7EE1B00A6041D /* COPYING */ = {isa = PBXFileReference; fileEncoding = 4; lastKnownFileType = text; path = COPYING; sourceTree = "<group>"; };
		A090FE0715E7EE1B00A6041D /* README */ = {isa = PBXFileReference; fileEncoding = 4; lastKnownFileType = text; path = README; sourceTree = "<group>"; };
		A090FE3B15E7F07400A6041D /* LdapKit.xcodeproj */ = {isa = PBXFileReference; lastKnownFileType = "wrapper.pb-project"; name = LdapKit.xcodeproj; path = contrib/LdapKit/LdapKit.xcodeproj; sourceTree = "<group>"; };
		A090FE4615E7F08400A6041D /* BindleKit.xcodeproj */ = {isa = PBXFileReference; lastKnownFileType = "wrapper.pb-project"; name = BindleKit.xcodeproj; path = contrib/BindleKit/BindleKit.xcodeproj; sourceTree = "<group>"; };
		A090FE5615E7F0CA00A6041D /* libcrypto.a */ = {isa = PBXFileReference; lastKnownFileType = archive.ar; name = libcrypto.a; path = "submodules/iOSPorts/ports/security/openssl/build/Release-iphoneos/libcrypto.a"; sourceTree = "<group>"; };
		A090FE5715E7F0CA00A6041D /* liblber.a */ = {isa = PBXFileReference; lastKnownFileType = archive.ar; name = liblber.a; path = "submodules/iOSPorts/ports/database/openldap/build/Release-iphoneos/liblber.a"; sourceTree = "<group>"; };
		A090FE5815E7F0CA00A6041D /* libldap.a */ = {isa = PBXFileReference; lastKnownFileType = archive.ar; name = libldap.a; path = "submodules/iOSPorts/ports/database/openldap/build/Release-iphoneos/libldap.a"; sourceTree = "<group>"; };
		A090FE5915E7F0CA00A6041D /* libsasl2.a */ = {isa = PBXFileReference; lastKnownFileType = archive.ar; name = libsasl2.a; path = "submodules/iOSPorts/ports/security/cyrus-sasl/build/Release-iphoneos/libsasl2.a"; sourceTree = "<group>"; };
		A090FE5A15E7F0CA00A6041D /* libssl.a */ = {isa = PBXFileReference; lastKnownFileType = archive.ar; name = libssl.a; path = "submodules/iOSPorts/ports/security/openssl/build/Release-iphoneos/libssl.a"; sourceTree = "<group>"; };
/* End PBXFileReference section */

/* Begin PBXFrameworksBuildPhase section */
		A090FDCE15E7EA9F00A6041D /* Frameworks */ = {
			isa = PBXFrameworksBuildPhase;
			buildActionMask = 2147483647;
			files = (
				A090FDD615E7EA9F00A6041D /* UIKit.framework in Frameworks */,
				A090FDD815E7EA9F00A6041D /* Foundation.framework in Frameworks */,
				A090FDDA15E7EA9F00A6041D /* CoreGraphics.framework in Frameworks */,
			);
			runOnlyForDeploymentPostprocessing = 0;
		};
/* End PBXFrameworksBuildPhase section */

/* Begin PBXGroup section */
		A090FDC615E7EA9F00A6041D = {
			isa = PBXGroup;
			children = (
				A090FE0515E7EE1B00A6041D /* ChangeLog */,
				A090FE0615E7EE1B00A6041D /* COPYING */,
				A090FE0715E7EE1B00A6041D /* README */,
				A090FDDB15E7EA9F00A6041D /* IDMDemo */,
				A090FE3915E7F06200A6041D /* Dependencies */,
				A090FDD415E7EA9F00A6041D /* Frameworks */,
				A090FDD215E7EA9F00A6041D /* Products */,
			);
			sourceTree = "<group>";
		};
		A090FDD215E7EA9F00A6041D /* Products */ = {
			isa = PBXGroup;
			children = (
				A090FDD115E7EA9F00A6041D /* IDM Demo.app */,
			);
			name = Products;
			sourceTree = "<group>";
		};
		A090FDD415E7EA9F00A6041D /* Frameworks */ = {
			isa = PBXGroup;
			children = (
				A090FE5615E7F0CA00A6041D /* libcrypto.a */,
				A090FE5715E7F0CA00A6041D /* liblber.a */,
				A090FE5815E7F0CA00A6041D /* libldap.a */,
				A090FE5915E7F0CA00A6041D /* libsasl2.a */,
				A090FE5A15E7F0CA00A6041D /* libssl.a */,
				A090FDD515E7EA9F00A6041D /* UIKit.framework */,
				A090FDD715E7EA9F00A6041D /* Foundation.framework */,
				A090FDD915E7EA9F00A6041D /* CoreGraphics.framework */,
			);
			name = Frameworks;
			sourceTree = "<group>";
		};
		A090FDDB15E7EA9F00A6041D /* IDMDemo */ = {
			isa = PBXGroup;
			children = (
				A090FDEC15E7EB6D00A6041D /* Controllers */,
				A090FE0415E7EB9A00A6041D /* Other Sources */,
				A090FDDC15E7EA9F00A6041D /* Supporting Files */,
			);
			path = IDMDemo;
			sourceTree = "<group>";
		};
		A090FDDC15E7EA9F00A6041D /* Supporting Files */ = {
			isa = PBXGroup;
			children = (
				A090FDDD15E7EA9F00A6041D /* IDMDemo-Info.plist */,
				A090FDDE15E7EA9F00A6041D /* InfoPlist.strings */,
			);
			name = "Supporting Files";
			path = support;
			sourceTree = "<group>";
		};
		A090FDEC15E7EB6D00A6041D /* Controllers */ = {
			isa = PBXGroup;
			children = (
				A090FDE415E7EA9F00A6041D /* IDAppDelegate.h */,
				A090FDE515E7EA9F00A6041D /* IDAppDelegate.m */,
			);
			name = Controllers;
			path = controllers;
			sourceTree = "<group>";
		};
		A090FE0415E7EB9A00A6041D /* Other Sources */ = {
			isa = PBXGroup;
			children = (
				A090FDE115E7EA9F00A6041D /* main.m */,
				A090FDE315E7EA9F00A6041D /* IDMDemo-Prefix.pch */,
			);
			name = "Other Sources";
			path = other;
			sourceTree = "<group>";
		};
		A090FE3915E7F06200A6041D /* Dependencies */ = {
			isa = PBXGroup;
			children = (
				A090FE4615E7F08400A6041D /* BindleKit.xcodeproj */,
				A090FE3B15E7F07400A6041D /* LdapKit.xcodeproj */,
			);
			name = Dependencies;
			sourceTree = "<group>";
		};
		A0A0C5AC15EC3C4100521C63 /* Products */ = {
			isa = PBXGroup;
			children = (
				A0A0C5B415EC3C4200521C63 /* libBindleKit.a */,
				A0A0C5B615EC3C4200521C63 /* libBindleKit.a */,
			);
			name = Products;
			sourceTree = "<group>";
		};
		A0A0C5C915EC3C5200521C63 /* Products */ = {
			isa = PBXGroup;
			children = (
				A0A0C5D015EC3C5300521C63 /* libiLdapKit.a */,
				A0A0C5D215EC3C5300521C63 /* libLdapKit.a */,
			);
			name = Products;
			sourceTree = "<group>";
		};
/* End PBXGroup section */

/* Begin PBXNativeTarget section */
		A090FDD015E7EA9F00A6041D /* IDM Demo */ = {
			isa = PBXNativeTarget;
			buildConfigurationList = A090FDE915E7EA9F00A6041D /* Build configuration list for PBXNativeTarget "IDM Demo" */;
			buildPhases = (
				A090FDCD15E7EA9F00A6041D /* Sources */,
				A090FDCE15E7EA9F00A6041D /* Frameworks */,
				A090FDCF15E7EA9F00A6041D /* Resources */,
			);
			buildRules = (
			);
			dependencies = (
				A090FE8015E8138200A6041D /* PBXTargetDependency */,
			);
			name = "IDM Demo";
			productName = IDMDemo;
			productReference = A090FDD115E7EA9F00A6041D /* IDM Demo.app */;
			productType = "com.apple.product-type.application";
		};
/* End PBXNativeTarget section */

/* Begin PBXProject section */
		A090FDC815E7EA9F00A6041D /* Project object */ = {
			isa = PBXProject;
			attributes = {
				CLASSPREFIX = ID;
				LastUpgradeCheck = 0440;
				ORGANIZATIONNAME = "Bindle Binaries";
			};
			buildConfigurationList = A090FDCB15E7EA9F00A6041D /* Build configuration list for PBXProject "IDMDemo" */;
			compatibilityVersion = "Xcode 3.2";
			developmentRegion = English;
			hasScannedForEncodings = 0;
			knownRegions = (
				en,
			);
			mainGroup = A090FDC615E7EA9F00A6041D;
			productRefGroup = A090FDD215E7EA9F00A6041D /* Products */;
			projectDirPath = "";
			projectReferences = (
				{
					ProductGroup = A0A0C5AC15EC3C4100521C63 /* Products */;
					ProjectRef = A090FE4615E7F08400A6041D /* BindleKit.xcodeproj */;
				},
				{
					ProductGroup = A0A0C5C915EC3C5200521C63 /* Products */;
					ProjectRef = A090FE3B15E7F07400A6041D /* LdapKit.xcodeproj */;
				},
			);
			projectRoot = "";
			targets = (
				A090FDD015E7EA9F00A6041D /* IDM Demo */,
				A090FE6015E7F23A00A6041D /* IDM Demo: Git Submodules */,
				A090FE7915E8136900A6041D /* IDM Demo: Git Package Version */,
			);
		};
/* End PBXProject section */

/* Begin PBXReferenceProxy section */
		A0A0C5B415EC3C4200521C63 /* libBindleKit.a */ = {
			isa = PBXReferenceProxy;
			fileType = archive.ar;
			path = libBindleKit.a;
			remoteRef = A0A0C5B315EC3C4200521C63 /* PBXContainerItemProxy */;
			sourceTree = BUILT_PRODUCTS_DIR;
		};
		A0A0C5B615EC3C4200521C63 /* libBindleKit.a */ = {
			isa = PBXReferenceProxy;
			fileType = archive.ar;
			path = libBindleKit.a;
			remoteRef = A0A0C5B515EC3C4200521C63 /* PBXContainerItemProxy */;
			sourceTree = BUILT_PRODUCTS_DIR;
		};
		A0A0C5D015EC3C5300521C63 /* libiLdapKit.a */ = {
			isa = PBXReferenceProxy;
			fileType = archive.ar;
			path = libiLdapKit.a;
			remoteRef = A0A0C5CF15EC3C5300521C63 /* PBXContainerItemProxy */;
			sourceTree = BUILT_PRODUCTS_DIR;
		};
		A0A0C5D215EC3C5300521C63 /* libLdapKit.a */ = {
			isa = PBXReferenceProxy;
			fileType = archive.ar;
			path = libLdapKit.a;
			remoteRef = A0A0C5D115EC3C5300521C63 /* PBXContainerItemProxy */;
			sourceTree = BUILT_PRODUCTS_DIR;
		};
/* End PBXReferenceProxy section */

/* Begin PBXResourcesBuildPhase section */
		A090FDCF15E7EA9F00A6041D /* Resources */ = {
			isa = PBXResourcesBuildPhase;
			buildActionMask = 2147483647;
			files = (
				A090FDE015E7EA9F00A6041D /* InfoPlist.strings in Resources */,
			);
			runOnlyForDeploymentPostprocessing = 0;
		};
/* End PBXResourcesBuildPhase section */

/* Begin PBXShellScriptBuildPhase section */
		A090FE6415E7F24200A6041D /* ShellScript */ = {
			isa = PBXShellScriptBuildPhase;
			buildActionMask = 2147483647;
			files = (
			);
			inputPaths = (
			);
			outputPaths = (
			);
			runOnlyForDeploymentPostprocessing = 0;
			shellPath = /bin/sh;
			shellScript = "cd `git rev-parse --show-toplevel`\ngit submodule init\ngit submodule sync\ngit submodule update";
			showEnvVarsInLog = 0;
		};
		A090FE8115E8138B00A6041D /* ShellScript */ = {
			isa = PBXShellScriptBuildPhase;
			buildActionMask = 2147483647;
			files = (
			);
			inputPaths = (
			);
			outputPaths = (
			);
			runOnlyForDeploymentPostprocessing = 0;
			shellPath = /bin/sh;
			shellScript = "touch IDMDemo/support/IDMDemo-Info.plist\ncontrib/bindletools/build-aux/git-package-version.sh auto";
			showEnvVarsInLog = 0;
		};
/* End PBXShellScriptBuildPhase section */

/* Begin PBXSourcesBuildPhase section */
		A090FDCD15E7EA9F00A6041D /* Sources */ = {
			isa = PBXSourcesBuildPhase;
			buildActionMask = 2147483647;
			files = (
				A090FDE215E7EA9F00A6041D /* main.m in Sources */,
				A090FDE615E7EA9F00A6041D /* IDAppDelegate.m in Sources */,
			);
			runOnlyForDeploymentPostprocessing = 0;
		};
/* End PBXSourcesBuildPhase section */

/* Begin PBXTargetDependency section */
		A090FE8015E8138200A6041D /* PBXTargetDependency */ = {
			isa = PBXTargetDependency;
			target = A090FE7915E8136900A6041D /* IDM Demo: Git Package Version */;
			targetProxy = A090FE7F15E8138200A6041D /* PBXContainerItemProxy */;
		};
		A090FE8F15E817CD00A6041D /* PBXTargetDependency */ = {
			isa = PBXTargetDependency;
			target = A090FE6015E7F23A00A6041D /* IDM Demo: Git Submodules */;
			targetProxy = A090FE8E15E817CD00A6041D /* PBXContainerItemProxy */;
		};
/* End PBXTargetDependency section */

/* Begin PBXVariantGroup section */
		A090FDDE15E7EA9F00A6041D /* InfoPlist.strings */ = {
			isa = PBXVariantGroup;
			children = (
				A090FDDF15E7EA9F00A6041D /* en */,
			);
			name = InfoPlist.strings;
			sourceTree = "<group>";
		};
/* End PBXVariantGroup section */

/* Begin XCBuildConfiguration section */
		A090FDE715E7EA9F00A6041D /* Debug */ = {
			isa = XCBuildConfiguration;
			buildSettings = {
				ALWAYS_SEARCH_USER_PATHS = NO;
				ARCHS = "$(ARCHS_STANDARD_32_BIT)";
				CLANG_CXX_LANGUAGE_STANDARD = "gnu++0x";
				CLANG_ENABLE_OBJC_ARC = YES;
				CLANG_WARN__DUPLICATE_METHOD_MATCH = YES;
				"CODE_SIGN_IDENTITY[sdk=iphoneos*]" = "iPhone Developer";
				COPY_PHASE_STRIP = NO;
				GCC_C_LANGUAGE_STANDARD = gnu99;
				GCC_DYNAMIC_NO_PIC = NO;
				GCC_OPTIMIZATION_LEVEL = 0;
				GCC_PREPROCESSOR_DEFINITIONS = (
					"DEBUG=1",
					"$(inherited)",
				);
				GCC_SYMBOLS_PRIVATE_EXTERN = NO;
				GCC_VERSION = com.apple.compilers.llvm.clang.1_0;
				GCC_WARN_ABOUT_RETURN_TYPE = YES;
				GCC_WARN_UNINITIALIZED_AUTOS = YES;
				GCC_WARN_UNUSED_VARIABLE = YES;
				INFOPLIST_PREFIX_HEADER = "IDMDemo/git-package-version-prefix.h";
				INFOPLIST_PREPROCESS = YES;
				IPHONEOS_DEPLOYMENT_TARGET = 5.1;
				SDKROOT = iphoneos;
				TARGETED_DEVICE_FAMILY = "1,2";
			};
			name = Debug;
		};
		A090FDE815E7EA9F00A6041D /* Release */ = {
			isa = XCBuildConfiguration;
			buildSettings = {
				ALWAYS_SEARCH_USER_PATHS = NO;
				ARCHS = "$(ARCHS_STANDARD_32_BIT)";
				CLANG_CXX_LANGUAGE_STANDARD = "gnu++0x";
				CLANG_ENABLE_OBJC_ARC = YES;
				CLANG_WARN__DUPLICATE_METHOD_MATCH = YES;
				"CODE_SIGN_IDENTITY[sdk=iphoneos*]" = "iPhone Developer";
				COPY_PHASE_STRIP = YES;
				GCC_C_LANGUAGE_STANDARD = gnu99;
				GCC_VERSION = com.apple.compilers.llvm.clang.1_0;
				GCC_WARN_ABOUT_RETURN_TYPE = YES;
				GCC_WARN_UNINITIALIZED_AUTOS = YES;
				GCC_WARN_UNUSED_VARIABLE = YES;
				INFOPLIST_PREFIX_HEADER = "IDMDemo/git-package-version-prefix.h";
				INFOPLIST_PREPROCESS = YES;
				IPHONEOS_DEPLOYMENT_TARGET = 5.1;
				OTHER_CFLAGS = "-DNS_BLOCK_ASSERTIONS=1";
				SDKROOT = iphoneos;
				TARGETED_DEVICE_FAMILY = "1,2";
				VALIDATE_PRODUCT = YES;
			};
			name = Release;
		};
		A090FDEA15E7EA9F00A6041D /* Debug */ = {
			isa = XCBuildConfiguration;
			buildSettings = {
				GCC_PRECOMPILE_PREFIX_HEADER = YES;
				GCC_PREFIX_HEADER = "IDMDemo/other/IDMDemo-Prefix.pch";
				INFOPLIST_FILE = "IDMDemo/support/IDMDemo-Info.plist";
				PRODUCT_NAME = "$(TARGET_NAME)";
				WRAPPER_EXTENSION = app;
			};
			name = Debug;
		};
		A090FDEB15E7EA9F00A6041D /* Release */ = {
			isa = XCBuildConfiguration;
			buildSettings = {
				GCC_PRECOMPILE_PREFIX_HEADER = YES;
				GCC_PREFIX_HEADER = "IDMDemo/other/IDMDemo-Prefix.pch";
				INFOPLIST_FILE = "IDMDemo/support/IDMDemo-Info.plist";
				PRODUCT_NAME = "$(TARGET_NAME)";
				WRAPPER_EXTENSION = app;
			};
			name = Release;
		};
		A090FE6215E7F23A00A6041D /* Debug */ = {
			isa = XCBuildConfiguration;
			buildSettings = {
				PRODUCT_NAME = "$(TARGET_NAME)";
			};
			name = Debug;
		};
		A090FE6315E7F23A00A6041D /* Release */ = {
			isa = XCBuildConfiguration;
			buildSettings = {
				PRODUCT_NAME = "$(TARGET_NAME)";
			};
			name = Release;
		};
		A090FE7B15E8136900A6041D /* Debug */ = {
			isa = XCBuildConfiguration;
			buildSettings = {
				PRODUCT_NAME = "$(TARGET_NAME)";
			};
			name = Debug;
		};
		A090FE7C15E8136900A6041D /* Release */ = {
			isa = XCBuildConfiguration;
			buildSettings = {
				PRODUCT_NAME = "$(TARGET_NAME)";
			};
			name = Release;
		};
/* End XCBuildConfiguration section */

/* Begin XCConfigurationList section */
		A090FDCB15E7EA9F00A6041D /* Build configuration list for PBXProject "IDMDemo" */ = {
			isa = XCConfigurationList;
			buildConfigurations = (
				A090FDE715E7EA9F00A6041D /* Debug */,
				A090FDE815E7EA9F00A6041D /* Release */,
			);
			defaultConfigurationIsVisible = 0;
			defaultConfigurationName = Release;
		};
		A090FDE915E7EA9F00A6041D /* Build configuration list for PBXNativeTarget "IDM Demo" */ = {
			isa = XCConfigurationList;
			buildConfigurations = (
				A090FDEA15E7EA9F00A6041D /* Debug */,
				A090FDEB15E7EA9F00A6041D /* Release */,
			);
			defaultConfigurationIsVisible = 0;
			defaultConfigurationName = Release;
		};
		A090FE6115E7F23A00A6041D /* Build configuration list for PBXAggregateTarget "IDM Demo: Git Submodules" */ = {
			isa = XCConfigurationList;
			buildConfigurations = (
				A090FE6215E7F23A00A6041D /* Debug */,
				A090FE6315E7F23A00A6041D /* Release */,
			);
			defaultConfigurationIsVisible = 0;
			defaultConfigurationName = Release;
		};
		A090FE7A15E8136900A6041D /* Build configuration list for PBXAggregateTarget "IDM Demo: Git Package Version" */ = {
			isa = XCConfigurationList;
			buildConfigurations = (
				A090FE7B15E8136900A6041D /* Debug */,
				A090FE7C15E8136900A6041D /* Release */,
			);
			defaultConfigurationIsVisible = 0;
			defaultConfigurationName = Release;
		};
/* End XCConfigurationList section */
	};
	rootObject = A090FDC815E7EA9F00A6041D /* Project object */;
}
